
Microsoft Visual Studio Solution File, Format Version 12.00
# Visual Studio Version 17
VisualStudioVersion = 17.10.35013.160
MinimumVisualStudioVersion = 10.0.40219.1
Project("{8BC9CEB8-8B4A-11D0-8D11-00A0C91BC942}") = "Project43", "Project43\Project43.vcxproj", "{846A2CC9-7B9F-4124-A702-A7626D9DD014}"
EndProject
Global
	GlobalSection(SolutionConfigurationPlatforms) = preSolution
		Debug|x64 = Debug|x64
		Debug|x86 = Debug|x86
		Release|x64 = Release|x64
		Release|x86 = Release|x86
	EndGlobalSection
	GlobalSection(ProjectConfigurationPlatforms) = postSolution
		{846A2CC9-7B9F-4124-A702-A7626D9DD014}.Debug|x64.ActiveCfg = Debug|x64
		{846A2CC9-7B9F-4124-A702-A7626D9DD014}.Debug|x64.Build.0 = Debug|x64
		{846A2CC9-7B9F-4124-A702-A7626D9DD014}.Debug|x86.ActiveCfg = Debug|Win32
		{846A2CC9-7B9F-4124-A702-A7626D9DD014}.Debug|x86.Build.0 = Debug|Win32
		{846A2CC9-7B9F-4124-A702-A7626D9DD014}.Release|x64.ActiveCfg = Release|x64
		{846A2CC9-7B9F-4124-A702-A7626D9DD014}.Release|x64.Build.0 = Release|x64
		{846A2CC9-7B9F-4124-A702-A7626D9DD014}.Release|x86.ActiveCfg = Release|Win32
		{846A2CC9-7B9F-4124-A702-A7626D9DD014}.Release|x86.Build.0 = Release|Win32
	EndGlobalSection
	GlobalSection(SolutionProperties) = preSolution
		HideSolutionNode = FALSE
	EndGlobalSection
	GlobalSection(ExtensibilityGlobals) = postSolution
		SolutionGuid = {9FFA0952-344D-4655-B69B-204D91E412C6}
	EndGlobalSection
EndGlobal
