
Microsoft Visual Studio Solution File, Format Version 12.00
# Visual Studio Version 17
VisualStudioVersion = 17.10.35013.160
MinimumVisualStudioVersion = 10.0.40219.1
Project("{8BC9CEB8-8B4A-11D0-8D11-00A0C91BC942}") = "Project28", "Project28\Project28.vcxproj", "{048714BC-6980-4B6F-BC58-154603EF4832}"
EndProject
Global
	GlobalSection(SolutionConfigurationPlatforms) = preSolution
		Debug|x64 = Debug|x64
		Debug|x86 = Debug|x86
		Release|x64 = Release|x64
		Release|x86 = Release|x86
	EndGlobalSection
	GlobalSection(ProjectConfigurationPlatforms) = postSolution
		{048714BC-6980-4B6F-BC58-154603EF4832}.Debug|x64.ActiveCfg = Debug|x64
		{048714BC-6980-4B6F-BC58-154603EF4832}.Debug|x64.Build.0 = Debug|x64
		{048714BC-6980-4B6F-BC58-154603EF4832}.Debug|x86.ActiveCfg = Debug|Win32
		{048714BC-6980-4B6F-BC58-154603EF4832}.Debug|x86.Build.0 = Debug|Win32
		{048714BC-6980-4B6F-BC58-154603EF4832}.Release|x64.ActiveCfg = Release|x64
		{048714BC-6980-4B6F-BC58-154603EF4832}.Release|x64.Build.0 = Release|x64
		{048714BC-6980-4B6F-BC58-154603EF4832}.Release|x86.ActiveCfg = Release|Win32
		{048714BC-6980-4B6F-BC58-154603EF4832}.Release|x86.Build.0 = Release|Win32
	EndGlobalSection
	GlobalSection(SolutionProperties) = preSolution
		HideSolutionNode = FALSE
	EndGlobalSection
	GlobalSection(ExtensibilityGlobals) = postSolution
		SolutionGuid = {4FC945B9-A952-4254-913E-0E51A985E4C5}
	EndGlobalSection
EndGlobal
